
Microsoft Visual Studio Solution File, Format Version 12.00
# Visual Studio Version 17
VisualStudioVersion = 17.0.31903.59
MinimumVisualStudioVersion = 10.0.40219.1
Project("{2150E333-8FDC-42A3-9474-1A3956D46DE8}") = "src", "src", "{6ABB03D0-AB50-475E-A2C6-9806028FC6F4}"
EndProject
Project("{FAE04EC0-301F-11D3-BF4B-00C04F79EFBC}") = "Zsc.CommonLib", "src\Zsc.CommonLib\Zsc.CommonLib.csproj", "{FF27061E-3B6D-4267-A144-9FC17D0B6D48}"
EndProject
Project("{FAE04EC0-301F-11D3-BF4B-00C04F79EFBC}") = "Zsc.Interceptor", "src\Zsc.Interceptor\Zsc.Interceptor.csproj", "{914A23ED-6F10-447A-9DC9-810142D843C9}"
EndProject
Project("{FAE04EC0-301F-11D3-BF4B-00C04F79EFBC}") = "Zsc.Bff", "src\Zsc.Bff\Zsc.Bff.csproj", "{2A9B9752-F841-4FD9-BA49-754CF1A8AB0D}"
EndProject
Project("{FAE04EC0-301F-11D3-BF4B-00C04F79EFBC}") = "Zsc.PatientService", "src\Zsc.PatientService\Zsc.PatientService.csproj", "{3522AF06-289D-4126-BED6-886C98ADEF27}"
Project("{FAE04EC0-301F-11D3-BF4B-00C04F79EFBC}") = "Zsc.ServiceDiscovery", "src\Zsc.ServiceDiscovery\Zsc.ServiceDiscovery.csproj", "{5F3D8B4A-7E2F-4D1A-B5C9-9E1F2C3D4E5F}"
EndProject
EndProject
Project("{2150E333-8FDC-42A3-9474-1A3956D46DE8}") = "tests", "tests", "{A0C52DD0-D4DE-4DA8-B92A-55DE9FE55CAA}"
EndProject
Project("{FAE04EC0-301F-11D3-BF4B-00C04F79EFBC}") = "Zsc.CommonLib.Tests", "tests\Zsc.CommonLib.Tests\Zsc.CommonLib.Tests.csproj", "{267EADDC-62FE-46FA-963E-6FFDE27568A3}"
EndProject
Project("{FAE04EC0-301F-11D3-BF4B-00C04F79EFBC}") = "Zsc.Interceptor.Tests", "tests\Zsc.Interceptor.Tests\Zsc.Interceptor.Tests.csproj", "{12DCCE75-E50B-446E-BEC1-D1486D8BF430}"
EndProject
Project("{FAE04EC0-301F-11D3-BF4B-00C04F79EFBC}") = "Zsc.Bff.Tests", "tests\Zsc.Bff.Tests\Zsc.Bff.Tests.csproj", "{E462552A-067E-4452-9DE9-CAC297176834}"
EndProject
Project("{FAE04EC0-301F-11D3-BF4B-00C04F79EFBC}") = "Zsc.PatientService.Tests", "tests\Zsc.PatientService.Tests\Zsc.PatientService.Tests.csproj", "{1BA51C18-BD58-4D37-846A-5B6F2193D985}"
Project("{FAE04EC0-301F-11D3-BF4B-00C04F79EFBC}") = "Zsc.ServiceDiscovery.Tests", "tests\Zsc.ServiceDiscovery.Tests\Zsc.ServiceDiscovery.Tests.csproj", "{A1B2C3D4-E5F6-7890-ABCD-EF1234567890}"
EndProject
EndProject
Global
	GlobalSection(SolutionConfigurationPlatforms) = preSolution
		Debug|Any CPU = Debug|Any CPU
		Release|Any CPU = Release|Any CPU
	EndGlobalSection
	GlobalSection(SolutionProperties) = preSolution
		HideSolutionNode = FALSE
	EndGlobalSection
	GlobalSection(ProjectConfigurationPlatforms) = postSolution
		{FF27061E-3B6D-4267-A144-9FC17D0B6D48}.Debug|Any CPU.ActiveCfg = Debug|Any CPU
		{FF27061E-3B6D-4267-A144-9FC17D0B6D48}.Debug|Any CPU.Build.0 = Debug|Any CPU
		{FF27061E-3B6D-4267-A144-9FC17D0B6D48}.Release|Any CPU.ActiveCfg = Release|Any CPU
		{FF27061E-3B6D-4267-A144-9FC17D0B6D48}.Release|Any CPU.Build.0 = Release|Any CPU
		{914A23ED-6F10-447A-9DC9-810142D843C9}.Debug|Any CPU.ActiveCfg = Debug|Any CPU
		{914A23ED-6F10-447A-9DC9-810142D843C9}.Debug|Any CPU.Build.0 = Debug|Any CPU
		{914A23ED-6F10-447A-9DC9-810142D843C9}.Release|Any CPU.ActiveCfg = Release|Any CPU
		{914A23ED-6F10-447A-9DC9-810142D843C9}.Release|Any CPU.Build.0 = Release|Any CPU
		{2A9B9752-F841-4FD9-BA49-754CF1A8AB0D}.Debug|Any CPU.ActiveCfg = Debug|Any CPU
		{2A9B9752-F841-4FD9-BA49-754CF1A8AB0D}.Debug|Any CPU.Build.0 = Debug|Any CPU
		{2A9B9752-F841-4FD9-BA49-754CF1A8AB0D}.Release|Any CPU.ActiveCfg = Release|Any CPU
		{2A9B9752-F841-4FD9-BA49-754CF1A8AB0D}.Release|Any CPU.Build.0 = Release|Any CPU
		{3522AF06-289D-4126-BED6-886C98ADEF27}.Debug|Any CPU.ActiveCfg = Debug|Any CPU
		{3522AF06-289D-4126-BED6-886C98ADEF27}.Debug|Any CPU.Build.0 = Debug|Any CPU
		{3522AF06-289D-4126-BED6-886C98ADEF27}.Release|Any CPU.ActiveCfg = Release|Any CPU
		{3522AF06-289D-4126-BED6-886C98ADEF27}.Release|Any CPU.Build.0 = Release|Any CPU
		{267EADDC-62FE-46FA-963E-6FFDE27568A3}.Debug|Any CPU.ActiveCfg = Debug|Any CPU
		{267EADDC-62FE-46FA-963E-6FFDE27568A3}.Debug|Any CPU.Build.0 = Debug|Any CPU
		{267EADDC-62FE-46FA-963E-6FFDE27568A3}.Release|Any CPU.ActiveCfg = Release|Any CPU
		{267EADDC-62FE-46FA-963E-6FFDE27568A3}.Release|Any CPU.Build.0 = Release|Any CPU
		{12DCCE75-E50B-446E-BEC1-D1486D8BF430}.Debug|Any CPU.ActiveCfg = Debug|Any CPU
		{12DCCE75-E50B-446E-BEC1-D1486D8BF430}.Debug|Any CPU.Build.0 = Debug|Any CPU
		{12DCCE75-E50B-446E-BEC1-D1486D8BF430}.Release|Any CPU.ActiveCfg = Release|Any CPU
		{12DCCE75-E50B-446E-BEC1-D1486D8BF430}.Release|Any CPU.Build.0 = Release|Any CPU
		{E462552A-067E-4452-9DE9-CAC297176834}.Debug|Any CPU.ActiveCfg = Debug|Any CPU
		{E462552A-067E-4452-9DE9-CAC297176834}.Debug|Any CPU.Build.0 = Debug|Any CPU
		{E462552A-067E-4452-9DE9-CAC297176834}.Release|Any CPU.ActiveCfg = Release|Any CPU
		{E462552A-067E-4452-9DE9-CAC297176834}.Release|Any CPU.Build.0 = Release|Any CPU
		{1BA51C18-BD58-4D37-846A-5B6F2193D985}.Debug|Any CPU.ActiveCfg = Debug|Any CPU
		{1BA51C18-BD58-4D37-846A-5B6F2193D985}.Debug|Any CPU.Build.0 = Debug|Any CPU
		{1BA51C18-BD58-4D37-846A-5B6F2193D985}.Release|Any CPU.ActiveCfg = Release|Any CPU
		{1BA51C18-BD58-4D37-846A-5B6F2193D985}.Release|Any CPU.Build.0 = Release|Any CPU
		{A1B2C3D4-E5F6-7890-ABCD-EF1234567890}.Debug|Any CPU.ActiveCfg = Debug|Any CPU
		{A1B2C3D4-E5F6-7890-ABCD-EF1234567890}.Debug|Any CPU.Build.0 = Debug|Any CPU
		{A1B2C3D4-E5F6-7890-ABCD-EF1234567890}.Release|Any CPU.ActiveCfg = Release|Any CPU
		{A1B2C3D4-E5F6-7890-ABCD-EF1234567890}.Release|Any CPU.Build.0 = Release|Any CPU
		{5F3D8B4A-7E2F-4D1A-B5C9-9E1F2C3D4E5F}.Debug|Any CPU.ActiveCfg = Debug|Any CPU
		{5F3D8B4A-7E2F-4D1A-B5C9-9E1F2C3D4E5F}.Debug|Any CPU.Build.0 = Debug|Any CPU
		{5F3D8B4A-7E2F-4D1A-B5C9-9E1F2C3D4E5F}.Release|Any CPU.ActiveCfg = Release|Any CPU
		{5F3D8B4A-7E2F-4D1A-B5C9-9E1F2C3D4E5F}.Release|Any CPU.Build.0 = Release|Any CPU
	EndGlobalSection
	GlobalSection(NestedProjects) = preSolution
		{FF27061E-3B6D-4267-A144-9FC17D0B6D48} = {6ABB03D0-AB50-475E-A2C6-9806028FC6F4}
		{914A23ED-6F10-447A-9DC9-810142D843C9} = {6ABB03D0-AB50-475E-A2C6-9806028FC6F4}
		{2A9B9752-F841-4FD9-BA49-754CF1A8AB0D} = {6ABB03D0-AB50-475E-A2C6-9806028FC6F4}
		{3522AF06-289D-4126-BED6-886C98ADEF27} = {6ABB03D0-AB50-475E-A2C6-9806028FC6F4}
		{5F3D8B4A-7E2F-4D1A-B5C9-9E1F2C3D4E5F} = {6ABB03D0-AB50-475E-A2C6-9806028FC6F4}
		{267EADDC-62FE-46FA-963E-6FFDE27568A3} = {A0C52DD0-D4DE-4DA8-B92A-55DE9FE55CAA}
		{12DCCE75-E50B-446E-BEC1-D1486D8BF430} = {A0C52DD0-D4DE-4DA8-B92A-55DE9FE55CAA}
		{E462552A-067E-4452-9DE9-CAC297176834} = {A0C52DD0-D4DE-4DA8-B92A-55DE9FE55CAA}
		{1BA51C18-BD58-4D37-846A-5B6F2193D985} = {A0C52DD0-D4DE-4DA8-B92A-55DE9FE55CAA}
		{A1B2C3D4-E5F6-7890-ABCD-EF1234567890} = {A0C52DD0-D4DE-4DA8-B92A-55DE9FE55CAA}
	EndGlobalSection
EndGlobal
