
Microsoft Visual Studio Solution File, Format Version 12.00
# Visual Studio Version 17
VisualStudioVersion = 17.0.31903.59
MinimumVisualStudioVersion = 10.0.40219.1
Project("{2150E333-8FDC-42A3-9474-1A3956D46DE8}") = "src", "src", "{1A5DFDF9-FB5D-450D-9F1A-ABEBE2A3D323}"
EndProject
Project("{FAE04EC0-301F-11D3-BF4B-00C04F79EFBC}") = "Zsc.CommonLib", "src\Zsc.CommonLib\Zsc.CommonLib.csproj", "{3ECC929E-3CB1-4C8F-A8D1-2A1A83C77F1F}"
EndProject
Project("{FAE04EC0-301F-11D3-BF4B-00C04F79EFBC}") = "Zsc.Interceptor", "src\Zsc.Interceptor\Zsc.Interceptor.csproj", "{420F0047-B572-4316-80E3-E7B73FC48F2F}"
EndProject
Project("{FAE04EC0-301F-11D3-BF4B-00C04F79EFBC}") = "Zsc.Bff", "src\Zsc.Bff\Zsc.Bff.csproj", "{24C0CEAD-2C2A-464C-ABF7-4BEBD7C990E0}"
EndProject
Project("{FAE04EC0-301F-11D3-BF4B-00C04F79EFBC}") = "Zsc.PatientService", "src\Zsc.PatientService\Zsc.PatientService.csproj", "{B191CC36-BC27-49CC-A318-4088C400F091}"
EndProject
Project("{FAE04EC0-301F-11D3-BF4B-00C04F79EFBC}") = "Zsc.ServiceDiscovery", "src\Zsc.ServiceDiscovery\Zsc.ServiceDiscovery.csproj", "{C8BB455C-1E01-4740-B52F-8A9B5AB65D3F}"
EndProject
Project("{FAE04EC0-301F-11D3-BF4B-00C04F79EFBC}") = "Zsc.AuditService", "src\Zsc.AuditService\Zsc.AuditService.csproj", "{621B40BC-2A4D-4541-BBF5-23E8F448F527}"
EndProject
Project("{2150E333-8FDC-42A3-9474-1A3956D46DE8}") = "tests", "tests", "{F2DF9A92-8E72-45FA-BE05-392F672EC3A7}"
EndProject
Project("{FAE04EC0-301F-11D3-BF4B-00C04F79EFBC}") = "Zsc.CommonLib.Tests", "tests\Zsc.CommonLib.Tests\Zsc.CommonLib.Tests.csproj", "{E3CB3D2F-D998-4A0D-B45B-293CDE3A8A5D}"
EndProject
Project("{FAE04EC0-301F-11D3-BF4B-00C04F79EFBC}") = "Zsc.Interceptor.Tests", "tests\Zsc.Interceptor.Tests\Zsc.Interceptor.Tests.csproj", "{AD7A9CDB-7A43-47A6-ACE2-43519F4F3F93}"
EndProject
Project("{FAE04EC0-301F-11D3-BF4B-00C04F79EFBC}") = "Zsc.Bff.Tests", "tests\Zsc.Bff.Tests\Zsc.Bff.Tests.csproj", "{B747CEE5-4B03-4C82-B7E4-EBDD469D81F4}"
EndProject
Project("{FAE04EC0-301F-11D3-BF4B-00C04F79EFBC}") = "Zsc.PatientService.Tests", "tests\Zsc.PatientService.Tests\Zsc.PatientService.Tests.csproj", "{E6CB329F-32BC-4205-8A12-2F25DC44528E}"
EndProject
Project("{FAE04EC0-301F-11D3-BF4B-00C04F79EFBC}") = "Zsc.ServiceDiscovery.Tests", "tests\Zsc.ServiceDiscovery.Tests\Zsc.ServiceDiscovery.Tests.csproj", "{76C1923F-764A-4AA0-9EBA-DA31E74757F0}"
EndProject
Project("{FAE04EC0-301F-11D3-BF4B-00C04F79EFBC}") = "Zsc.AuditService.Tests", "tests\Zsc.AuditService.Tests\Zsc.AuditService.Tests.csproj", "{3B287220-7CCA-424E-86F4-D8D94DF9080D}"
EndProject
Global
	GlobalSection(SolutionConfigurationPlatforms) = preSolution
		Debug|Any CPU = Debug|Any CPU
		Release|Any CPU = Release|Any CPU
	EndGlobalSection
	GlobalSection(SolutionProperties) = preSolution
		HideSolutionNode = FALSE
	EndGlobalSection
	GlobalSection(ProjectConfigurationPlatforms) = postSolution
		{3ECC929E-3CB1-4C8F-A8D1-2A1A83C77F1F}.Debug|Any CPU.ActiveCfg = Debug|Any CPU
		{3ECC929E-3CB1-4C8F-A8D1-2A1A83C77F1F}.Debug|Any CPU.Build.0 = Debug|Any CPU
		{3ECC929E-3CB1-4C8F-A8D1-2A1A83C77F1F}.Release|Any CPU.ActiveCfg = Release|Any CPU
		{3ECC929E-3CB1-4C8F-A8D1-2A1A83C77F1F}.Release|Any CPU.Build.0 = Release|Any CPU
		{420F0047-B572-4316-80E3-E7B73FC48F2F}.Debug|Any CPU.ActiveCfg = Debug|Any CPU
		{420F0047-B572-4316-80E3-E7B73FC48F2F}.Debug|Any CPU.Build.0 = Debug|Any CPU
		{420F0047-B572-4316-80E3-E7B73FC48F2F}.Release|Any CPU.ActiveCfg = Release|Any CPU
		{420F0047-B572-4316-80E3-E7B73FC48F2F}.Release|Any CPU.Build.0 = Release|Any CPU
		{24C0CEAD-2C2A-464C-ABF7-4BEBD7C990E0}.Debug|Any CPU.ActiveCfg = Debug|Any CPU
		{24C0CEAD-2C2A-464C-ABF7-4BEBD7C990E0}.Debug|Any CPU.Build.0 = Debug|Any CPU
		{24C0CEAD-2C2A-464C-ABF7-4BEBD7C990E0}.Release|Any CPU.ActiveCfg = Release|Any CPU
		{24C0CEAD-2C2A-464C-ABF7-4BEBD7C990E0}.Release|Any CPU.Build.0 = Release|Any CPU
		{B191CC36-BC27-49CC-A318-4088C400F091}.Debug|Any CPU.ActiveCfg = Debug|Any CPU
		{B191CC36-BC27-49CC-A318-4088C400F091}.Debug|Any CPU.Build.0 = Debug|Any CPU
		{B191CC36-BC27-49CC-A318-4088C400F091}.Release|Any CPU.ActiveCfg = Release|Any CPU
		{B191CC36-BC27-49CC-A318-4088C400F091}.Release|Any CPU.Build.0 = Release|Any CPU
		{C8BB455C-1E01-4740-B52F-8A9B5AB65D3F}.Debug|Any CPU.ActiveCfg = Debug|Any CPU
		{C8BB455C-1E01-4740-B52F-8A9B5AB65D3F}.Debug|Any CPU.Build.0 = Debug|Any CPU
		{C8BB455C-1E01-4740-B52F-8A9B5AB65D3F}.Release|Any CPU.ActiveCfg = Release|Any CPU
		{C8BB455C-1E01-4740-B52F-8A9B5AB65D3F}.Release|Any CPU.Build.0 = Release|Any CPU
		{621B40BC-2A4D-4541-BBF5-23E8F448F527}.Debug|Any CPU.ActiveCfg = Debug|Any CPU
		{621B40BC-2A4D-4541-BBF5-23E8F448F527}.Debug|Any CPU.Build.0 = Debug|Any CPU
		{621B40BC-2A4D-4541-BBF5-23E8F448F527}.Release|Any CPU.ActiveCfg = Release|Any CPU
		{621B40BC-2A4D-4541-BBF5-23E8F448F527}.Release|Any CPU.Build.0 = Release|Any CPU
		{E3CB3D2F-D998-4A0D-B45B-293CDE3A8A5D}.Debug|Any CPU.ActiveCfg = Debug|Any CPU
		{E3CB3D2F-D998-4A0D-B45B-293CDE3A8A5D}.Debug|Any CPU.Build.0 = Debug|Any CPU
		{E3CB3D2F-D998-4A0D-B45B-293CDE3A8A5D}.Release|Any CPU.ActiveCfg = Release|Any CPU
		{E3CB3D2F-D998-4A0D-B45B-293CDE3A8A5D}.Release|Any CPU.Build.0 = Release|Any CPU
		{AD7A9CDB-7A43-47A6-ACE2-43519F4F3F93}.Debug|Any CPU.ActiveCfg = Debug|Any CPU
		{AD7A9CDB-7A43-47A6-ACE2-43519F4F3F93}.Debug|Any CPU.Build.0 = Debug|Any CPU
		{AD7A9CDB-7A43-47A6-ACE2-43519F4F3F93}.Release|Any CPU.ActiveCfg = Release|Any CPU
		{AD7A9CDB-7A43-47A6-ACE2-43519F4F3F93}.Release|Any CPU.Build.0 = Release|Any CPU
		{B747CEE5-4B03-4C82-B7E4-EBDD469D81F4}.Debug|Any CPU.ActiveCfg = Debug|Any CPU
		{B747CEE5-4B03-4C82-B7E4-EBDD469D81F4}.Debug|Any CPU.Build.0 = Debug|Any CPU
		{B747CEE5-4B03-4C82-B7E4-EBDD469D81F4}.Release|Any CPU.ActiveCfg = Release|Any CPU
		{B747CEE5-4B03-4C82-B7E4-EBDD469D81F4}.Release|Any CPU.Build.0 = Release|Any CPU
		{E6CB329F-32BC-4205-8A12-2F25DC44528E}.Debug|Any CPU.ActiveCfg = Debug|Any CPU
		{E6CB329F-32BC-4205-8A12-2F25DC44528E}.Debug|Any CPU.Build.0 = Debug|Any CPU
		{E6CB329F-32BC-4205-8A12-2F25DC44528E}.Release|Any CPU.ActiveCfg = Release|Any CPU
		{E6CB329F-32BC-4205-8A12-2F25DC44528E}.Release|Any CPU.Build.0 = Release|Any CPU
		{76C1923F-764A-4AA0-9EBA-DA31E74757F0}.Debug|Any CPU.ActiveCfg = Debug|Any CPU
		{76C1923F-764A-4AA0-9EBA-DA31E74757F0}.Debug|Any CPU.Build.0 = Debug|Any CPU
		{76C1923F-764A-4AA0-9EBA-DA31E74757F0}.Release|Any CPU.ActiveCfg = Release|Any CPU
		{76C1923F-764A-4AA0-9EBA-DA31E74757F0}.Release|Any CPU.Build.0 = Release|Any CPU
		{3B287220-7CCA-424E-86F4-D8D94DF9080D}.Debug|Any CPU.ActiveCfg = Debug|Any CPU
		{3B287220-7CCA-424E-86F4-D8D94DF9080D}.Debug|Any CPU.Build.0 = Debug|Any CPU
		{3B287220-7CCA-424E-86F4-D8D94DF9080D}.Release|Any CPU.ActiveCfg = Release|Any CPU
		{3B287220-7CCA-424E-86F4-D8D94DF9080D}.Release|Any CPU.Build.0 = Release|Any CPU
	EndGlobalSection
	GlobalSection(NestedProjects) = preSolution
		{3ECC929E-3CB1-4C8F-A8D1-2A1A83C77F1F} = {1A5DFDF9-FB5D-450D-9F1A-ABEBE2A3D323}
		{420F0047-B572-4316-80E3-E7B73FC48F2F} = {1A5DFDF9-FB5D-450D-9F1A-ABEBE2A3D323}
		{24C0CEAD-2C2A-464C-ABF7-4BEBD7C990E0} = {1A5DFDF9-FB5D-450D-9F1A-ABEBE2A3D323}
		{B191CC36-BC27-49CC-A318-4088C400F091} = {1A5DFDF9-FB5D-450D-9F1A-ABEBE2A3D323}
		{C8BB455C-1E01-4740-B52F-8A9B5AB65D3F} = {1A5DFDF9-FB5D-450D-9F1A-ABEBE2A3D323}
		{621B40BC-2A4D-4541-BBF5-23E8F448F527} = {1A5DFDF9-FB5D-450D-9F1A-ABEBE2A3D323}
		{E3CB3D2F-D998-4A0D-B45B-293CDE3A8A5D} = {F2DF9A92-8E72-45FA-BE05-392F672EC3A7}
		{AD7A9CDB-7A43-47A6-ACE2-43519F4F3F93} = {F2DF9A92-8E72-45FA-BE05-392F672EC3A7}
		{B747CEE5-4B03-4C82-B7E4-EBDD469D81F4} = {F2DF9A92-8E72-45FA-BE05-392F672EC3A7}
		{E6CB329F-32BC-4205-8A12-2F25DC44528E} = {F2DF9A92-8E72-45FA-BE05-392F672EC3A7}
		{76C1923F-764A-4AA0-9EBA-DA31E74757F0} = {F2DF9A92-8E72-45FA-BE05-392F672EC3A7}
		{3B287220-7CCA-424E-86F4-D8D94DF9080D} = {F2DF9A92-8E72-45FA-BE05-392F672EC3A7}
	EndGlobalSection
EndGlobal
